<DebuggerStepThrough()>
	Public Sub New()
		MyBase.New(AuthenticationMode.Windows)
		Dim num As Integer
		num += 94
		calli(System.Void(System.Boolean), Me, 0, ab8adb28ebb940d681ef767a0103b93e.a0fe17a742ba4267b777b35ea85fea8a(num - 89))
		calli(System.Void(System.Boolean), Me, 1, ab8adb28ebb940d681ef767a0103b93e.a0fe17a742ba4267b777b35ea85fea8a(num - 88))
		calli(System.Void(System.Boolean), Me, 1, ab8adb28ebb940d681ef767a0103b93e.a0fe17a742ba4267b777b35ea85fea8a(num - 87))
		calli(System.Void(System.Int32), Me, 0, ab8adb28ebb940d681ef767a0103b93e.a0fe17a742ba4267b777b35ea85fea8a(num - 86))
	End Sub

	' Token: 0x0600078B RID: 1931 RVA: 0x00519D34 File Offset: 0x00517F34
	<DebuggerStepThrough()>
	Public Overrides Sub OnCreateMainForm()
		Dim num As Integer
		num += 147
		calli(System.Void(System.Windows.Forms.Form), Me, ae53acc162c04928b2211ef73282e964.b0678e76e6b64b75a7486f360e498e0d().ac04946bd7eb41a4be61423015bd19f8(), ab8adb28ebb940d681ef767a0103b93e.a0fe17a742ba4267b777b35ea85fea8a(num - 138))
	End Sub

	' Token: 0x04000011 RID: 17
	Public Shared c532fbcf96c14960826bcf943bd81017 As Integer
End Class
